// !$*UTF8*$!
{
	archiveVersion = 1;
	classes = {
	};
	objectVersion = 50;
	objects = {

/* Begin PBXBuildFile section */
		79D7476621BDD86D00EB4277 /* AppDelegate.swift in Sources */ = {isa = PBXBuildFile; fileRef = 79D7476521BDD86D00EB4277 /* AppDelegate.swift */; };
		79D7476B21BDD86D00EB4277 /* Main.storyboard in Resources */ = {isa = PBXBuildFile; fileRef = 79D7476921BDD86D00EB4277 /* Main.storyboard */; };
		79D7476D21BDD86D00EB4277 /* Assets.xcassets in Resources */ = {isa = PBXBuildFile; fileRef = 79D7476C21BDD86D00EB4277 /* Assets.xcassets */; };
		79D7477021BDD86D00EB4277 /* LaunchScreen.storyboard in Resources */ = {isa = PBXBuildFile; fileRef = 79D7476E21BDD86D00EB4277 /* LaunchScreen.storyboard */; };
		79D7477821BDD96900EB4277 /* SplashViewController.swift in Sources */ = {isa = PBXBuildFile; fileRef = 79D7477721BDD96900EB4277 /* SplashViewController.swift */; };
		79D7477C21BDDB2400EB4277 /* PassportTableViewController.swift in Sources */ = {isa = PBXBuildFile; fileRef = 79D7477B21BDDB2400EB4277 /* PassportTableViewController.swift */; };
		79D7477E21BDDFF500EB4277 /* AddViewController.swift in Sources */ = {isa = PBXBuildFile; fileRef = 79D7477D21BDDFF500EB4277 /* AddViewController.swift */; };
		79D7478021BDE04800EB4277 /* InfoViewController.swift in Sources */ = {isa = PBXBuildFile; fileRef = 79D7477F21BDE04800EB4277 /* InfoViewController.swift */; };
/* End PBXBuildFile section */

/* Begin PBXFileReference section */
		79D7476221BDD86D00EB4277 /* MAD9137_F18_Passport.app */ = {isa = PBXFileReference; explicitFileType = wrapper.application; includeInIndex = 0; path = MAD9137_F18_Passport.app; sourceTree = BUILT_PRODUCTS_DIR; };
		79D7476521BDD86D00EB4277 /* AppDelegate.swift */ = {isa = PBXFileReference; lastKnownFileType = sourcecode.swift; path = AppDelegate.swift; sourceTree = "<group>"; };
		79D7476A21BDD86D00EB4277 /* Base */ = {isa = PBXFileReference; lastKnownFileType = file.storyboard; name = Base; path = Base.lproj/Main.storyboard; sourceTree = "<group>"; };
		79D7476C21BDD86D00EB4277 /* Assets.xcassets */ = {isa = PBXFileReference; lastKnownFileType = folder.assetcatalog; path = Assets.xcassets; sourceTree = "<group>"; };
		79D7476F21BDD86D00EB4277 /* Base */ = {isa = PBXFileReference; lastKnownFileType = file.storyboard; name = Base; path = Base.lproj/LaunchScreen.storyboard; sourceTree = "<group>"; };
		79D7477121BDD86D00EB4277 /* Info.plist */ = {isa = PBXFileReference; lastKnownFileType = text.plist.xml; path = Info.plist; sourceTree = "<group>"; };
		79D7477721BDD96900EB4277 /* SplashViewController.swift */ = {isa = PBXFileReference; lastKnownFileType = sourcecode.swift; path = SplashViewController.swift; sourceTree = "<group>"; };
		79D7477B21BDDB2400EB4277 /* PassportTableViewController.swift */ = {isa = PBXFileReference; lastKnownFileType = sourcecode.swift; path = PassportTableViewController.swift; sourceTree = "<group>"; };
		79D7477D21BDDFF500EB4277 /* AddViewController.swift */ = {isa = PBXFileReference; lastKnownFileType = sourcecode.swift; path = AddViewController.swift; sourceTree = "<group>"; };
		79D7477F21BDE04800EB4277 /* InfoViewController.swift */ = {isa = PBXFileReference; lastKnownFileType = sourcecode.swift; path = InfoViewController.swift; sourceTree = "<group>"; };
/* End PBXFileReference section */

/* Begin PBXFrameworksBuildPhase section */
		79D7475F21BDD86D00EB4277 /* Frameworks */ = {
			isa = PBXFrameworksBuildPhase;
			buildActionMask = 2147483647;
			files = (
			);
			runOnlyForDeploymentPostprocessing = 0;
		};
/* End PBXFrameworksBuildPhase section */

/* Begin PBXGroup section */
		79D7475921BDD86D00EB4277 = {
			isa = PBXGroup;
			children = (
				79D7476421BDD86D00EB4277 /* MAD9137_F18_Passport */,
				79D7476321BDD86D00EB4277 /* Products */,
			);
			sourceTree = "<group>";
		};
		79D7476321BDD86D00EB4277 /* Products */ = {
			isa = PBXGroup;
			children = (
				79D7476221BDD86D00EB4277 /* MAD9137_F18_Passport.app */,
			);
			name = Products;
			sourceTree = "<group>";
		};
		79D7476421BDD86D00EB4277 /* MAD9137_F18_Passport */ = {
			isa = PBXGroup;
			children = (
				79D7476521BDD86D00EB4277 /* AppDelegate.swift */,
				79D7476921BDD86D00EB4277 /* Main.storyboard */,
				79D7476C21BDD86D00EB4277 /* Assets.xcassets */,
				79D7476E21BDD86D00EB4277 /* LaunchScreen.storyboard */,
				79D7477121BDD86D00EB4277 /* Info.plist */,
				79D7477721BDD96900EB4277 /* SplashViewController.swift */,
				79D7477B21BDDB2400EB4277 /* PassportTableViewController.swift */,
				79D7477D21BDDFF500EB4277 /* AddViewController.swift */,
				79D7477F21BDE04800EB4277 /* InfoViewController.swift */,
			);
			path = MAD9137_F18_Passport;
			sourceTree = "<group>";
		};
/* End PBXGroup section */

/* Begin PBXNativeTarget section */
		79D7476121BDD86D00EB4277 /* MAD9137_F18_Passport */ = {
			isa = PBXNativeTarget;
			buildConfigurationList = 79D7477421BDD86D00EB4277 /* Build configuration list for PBXNativeTarget "MAD9137_F18_Passport" */;
			buildPhases = (
				79D7475E21BDD86D00EB4277 /* Sources */,
				79D7475F21BDD86D00EB4277 /* Frameworks */,
				79D7476021BDD86D00EB4277 /* Resources */,
			);
			buildRules = (
			);
			dependencies = (
			);
			name = MAD9137_F18_Passport;
			productName = MAD9137_F18_Passport;
			productReference = 79D7476221BDD86D00EB4277 /* MAD9137_F18_Passport.app */;
			productType = "com.apple.product-type.application";
		};
/* End PBXNativeTarget section */

/* Begin PBXProject section */
		79D7475A21BDD86D00EB4277 /* Project object */ = {
			isa = PBXProject;
			attributes = {
				LastSwiftUpdateCheck = 1010;
				LastUpgradeCheck = 1010;
				ORGANIZATIONNAME = "Ernilo Dallaagnolo Junior";
				TargetAttributes = {
					79D7476121BDD86D00EB4277 = {
						CreatedOnToolsVersion = 10.1;
					};
				};
			};
			buildConfigurationList = 79D7475D21BDD86D00EB4277 /* Build configuration list for PBXProject "MAD9137_F18_Passport" */;
			compatibilityVersion = "Xcode 9.3";
			developmentRegion = en;
			hasScannedForEncodings = 0;
			knownRegions = (
				en,
				Base,
			);
			mainGroup = 79D7475921BDD86D00EB4277;
			productRefGroup = 79D7476321BDD86D00EB4277 /* Products */;
			projectDirPath = "";
			projectRoot = "";
			targets = (
				79D7476121BDD86D00EB4277 /* MAD9137_F18_Passport */,
			);
		};
/* End PBXProject section */

/* Begin PBXResourcesBuildPhase section */
		79D7476021BDD86D00EB4277 /* Resources */ = {
			isa = PBXResourcesBuildPhase;
			buildActionMask = 2147483647;
			files = (
				79D7477021BDD86D00EB4277 /* LaunchScreen.storyboard in Resources */,
				79D7476D21BDD86D00EB4277 /* Assets.xcassets in Resources */,
				79D7476B21BDD86D00EB4277 /* Main.storyboard in Resources */,
			);
			runOnlyForDeploymentPostprocessing = 0;
		};
/* End PBXResourcesBuildPhase section */

/* Begin PBXSourcesBuildPhase section */
		79D7475E21BDD86D00EB4277 /* Sources */ = {
			isa = PBXSourcesBuildPhase;
			buildActionMask = 2147483647;
			files = (
				79D7477C21BDDB2400EB4277 /* PassportTableViewController.swift in Sources */,
				79D7476621BDD86D00EB4277 /* AppDelegate.swift in Sources */,
				79D7477E21BDDFF500EB4277 /* AddViewController.swift in Sources */,
				79D7477821BDD96900EB4277 /* SplashViewController.swift in Sources */,
				79D7478021BDE04800EB4277 /* InfoViewController.swift in Sources */,
			);
			runOnlyForDeploymentPostprocessing = 0;
		};
/* End PBXSourcesBuildPhase section */

/* Begin PBXVariantGroup section */
		79D7476921BDD86D00EB4277 /* Main.storyboard */ = {
			isa = PBXVariantGroup;
			children = (
				79D7476A21BDD86D00EB4277 /* Base */,
			);
			name = Main.storyboard;
			sourceTree = "<group>";
		};
		79D7476E21BDD86D00EB4277 /* LaunchScreen.storyboard */ = {
			isa = PBXVariantGroup;
			children = (
				79D7476F21BDD86D00EB4277 /* Base */,
			);
			name = LaunchScreen.storyboard;
			sourceTree = "<group>";
		};
/* End PBXVariantGroup section */

/* Begin XCBuildConfiguration section */
		79D7477221BDD86D00EB4277 /* Debug */ = {
			isa = XCBuildConfiguration;
			buildSettings = {
				ALWAYS_SEARCH_USER_PATHS = NO;
				CLANG_ANALYZER_NONNULL = YES;
				CLANG_ANALYZER_NUMBER_OBJECT_CONVERSION = YES_AGGRESSIVE;
				CLANG_CXX_LANGUAGE_STANDARD = "gnu++14";
				CLANG_CXX_LIBRARY = "libc++";
				CLANG_ENABLE_MODULES = YES;
				CLANG_ENABLE_OBJC_ARC = YES;
				CLANG_ENABLE_OBJC_WEAK = YES;
				CLANG_WARN_BLOCK_CAPTURE_AUTORELEASING = YES;
				CLANG_WARN_BOOL_CONVERSION = YES;
				CLANG_WARN_COMMA = YES;
				CLANG_WARN_CONSTANT_CONVERSION = YES;
				CLANG_WARN_DEPRECATED_OBJC_IMPLEMENTATIONS = YES;
				CLANG_WARN_DIRECT_OBJC_ISA_USAGE = YES_ERROR;
				CLANG_WARN_DOCUMENTATION_COMMENTS = YES;
				CLANG_WARN_EMPTY_BODY = YES;
				CLANG_WARN_ENUM_CONVERSION = YES;
				CLANG_WARN_INFINITE_RECURSION = YES;
				CLANG_WARN_INT_CONVERSION = YES;
				CLANG_WARN_NON_LITERAL_NULL_CONVERSION = YES;
				CLANG_WARN_OBJC_IMPLICIT_RETAIN_SELF = YES;
				CLANG_WARN_OBJC_LITERAL_CONVERSION = YES;
				CLANG_WARN_OBJC_ROOT_CLASS = YES_ERROR;
				CLANG_WARN_RANGE_LOOP_ANALYSIS = YES;
				CLANG_WARN_STRICT_PROTOTYPES = YES;
				CLANG_WARN_SUSPICIOUS_MOVE = YES;
				CLANG_WARN_UNGUARDED_AVAILABILITY = YES_AGGRESSIVE;
				CLANG_WARN_UNREACHABLE_CODE = YES;
				CLANG_WARN__DUPLICATE_METHOD_MATCH = YES;
				CODE_SIGN_IDENTITY = "iPhone Developer";
				COPY_PHASE_STRIP = NO;
				DEBUG_INFORMATION_FORMAT = dwarf;
				ENABLE_STRICT_OBJC_MSGSEND = YES;
				ENABLE_TESTABILITY = YES;
				GCC_C_LANGUAGE_STANDARD = gnu11;
				GCC_DYNAMIC_NO_PIC = NO;
				GCC_NO_COMMON_BLOCKS = YES;
				GCC_OPTIMIZATION_LEVEL = 0;
				GCC_PREPROCESSOR_DEFINITIONS = (
					"DEBUG=1",
					"$(inherited)",
				);
				GCC_WARN_64_TO_32_BIT_CONVERSION = YES;
				GCC_WARN_ABOUT_RETURN_TYPE = YES_ERROR;
				GCC_WARN_UNDECLARED_SELECTOR = YES;
				GCC_WARN_UNINITIALIZED_AUTOS = YES_AGGRESSIVE;
				GCC_WARN_UNUSED_FUNCTION = YES;
				GCC_WARN_UNUSED_VARIABLE = YES;
				IPHONEOS_DEPLOYMENT_TARGET = 12.1;
				MTL_ENABLE_DEBUG_INFO = INCLUDE_SOURCE;
				MTL_FAST_MATH = YES;
				ONLY_ACTIVE_ARCH = YES;
				SDKROOT = iphoneos;
				SWIFT_ACTIVE_COMPILATION_CONDITIONS = DEBUG;
				SWIFT_OPTIMIZATION_LEVEL = "-Onone";
			};
			name = Debug;
		};
		79D7477321BDD86D00EB4277 /* Release */ = {
			isa = XCBuildConfiguration;
			buildSettings = {
				ALWAYS_SEARCH_USER_PATHS = NO;
				CLANG_ANALYZER_NONNULL = YES;
				CLANG_ANALYZER_NUMBER_OBJECT_CONVERSION = YES_AGGRESSIVE;
				CLANG_CXX_LANGUAGE_STANDARD = "gnu++14";
				CLANG_CXX_LIBRARY = "libc++";
				CLANG_ENABLE_MODULES = YES;
				CLANG_ENABLE_OBJC_ARC = YES;
				CLANG_ENABLE_OBJC_WEAK = YES;
				CLANG_WARN_BLOCK_CAPTURE_AUTORELEASING = YES;
				CLANG_WARN_BOOL_CONVERSION = YES;
				CLANG_WARN_COMMA = YES;
				CLANG_WARN_CONSTANT_CONVERSION = YES;
				CLANG_WARN_DEPRECATED_OBJC_IMPLEMENTATIONS = YES;
				CLANG_WARN_DIRECT_OBJC_ISA_USAGE = YES_ERROR;
				CLANG_WARN_DOCUMENTATION_COMMENTS = YES;
				CLANG_WARN_EMPTY_BODY = YES;
				CLANG_WARN_ENUM_CONVERSION = YES;
				CLANG_WARN_INFINITE_RECURSION = YES;
				CLANG_WARN_INT_CONVERSION = YES;
				CLANG_WARN_NON_LITERAL_NULL_CONVERSION = YES;
				CLANG_WARN_OBJC_IMPLICIT_RETAIN_SELF = YES;
				CLANG_WARN_OBJC_LITERAL_CONVERSION = YES;
				CLANG_WARN_OBJC_ROOT_CLASS = YES_ERROR;
				CLANG_WARN_RANGE_LOOP_ANALYSIS = YES;
				CLANG_WARN_STRICT_PROTOTYPES = YES;
				CLANG_WARN_SUSPICIOUS_MOVE = YES;
				CLANG_WARN_UNGUARDED_AVAILABILITY = YES_AGGRESSIVE;
				CLANG_WARN_UNREACHABLE_CODE = YES;
				CLANG_WARN__DUPLICATE_METHOD_MATCH = YES;
				CODE_SIGN_IDENTITY = "iPhone Developer";
				COPY_PHASE_STRIP = NO;
				DEBUG_INFORMATION_FORMAT = "dwarf-with-dsym";
				ENABLE_NS_ASSERTIONS = NO;
				ENABLE_STRICT_OBJC_MSGSEND = YES;
				GCC_C_LANGUAGE_STANDARD = gnu11;
				GCC_NO_COMMON_BLOCKS = YES;
				GCC_WARN_64_TO_32_BIT_CONVERSION = YES;
				GCC_WARN_ABOUT_RETURN_TYPE = YES_ERROR;
				GCC_WARN_UNDECLARED_SELECTOR = YES;
				GCC_WARN_UNINITIALIZED_AUTOS = YES_AGGRESSIVE;
				GCC_WARN_UNUSED_FUNCTION = YES;
				GCC_WARN_UNUSED_VARIABLE = YES;
				IPHONEOS_DEPLOYMENT_TARGET = 12.1;
				MTL_ENABLE_DEBUG_INFO = NO;
				MTL_FAST_MATH = YES;
				SDKROOT = iphoneos;
				SWIFT_COMPILATION_MODE = wholemodule;
				SWIFT_OPTIMIZATION_LEVEL = "-O";
				VALIDATE_PRODUCT = YES;
			};
			name = Release;
		};
		79D7477521BDD86D00EB4277 /* Debug */ = {
			isa = XCBuildConfiguration;
			buildSettings = {
				ASSETCATALOG_COMPILER_APPICON_NAME = AppIcon;
				CODE_SIGN_STYLE = Automatic;
				DEVELOPMENT_TEAM = V94L67MHG8;
				INFOPLIST_FILE = MAD9137_F18_Passport/Info.plist;
				LD_RUNPATH_SEARCH_PATHS = (
					"$(inherited)",
					"@executable_path/Frameworks",
				);
				PRODUCT_BUNDLE_IDENTIFIER = "dall0078.MAD9137-F18-Passport";
				PRODUCT_NAME = "$(TARGET_NAME)";
				SWIFT_VERSION = 4.2;
				TARGETED_DEVICE_FAMILY = "1,2";
			};
			name = Debug;
		};
		79D7477621BDD86D00EB4277 /* Release */ = {
			isa = XCBuildConfiguration;
			buildSettings = {
				ASSETCATALOG_COMPILER_APPICON_NAME = AppIcon;
				CODE_SIGN_STYLE = Automatic;
				DEVELOPMENT_TEAM = V94L67MHG8;
				INFOPLIST_FILE = MAD9137_F18_Passport/Info.plist;
				LD_RUNPATH_SEARCH_PATHS = (
					"$(inherited)",
					"@executable_path/Frameworks",
				);
				PRODUCT_BUNDLE_IDENTIFIER = "dall0078.MAD9137-F18-Passport";
				PRODUCT_NAME = "$(TARGET_NAME)";
				SWIFT_VERSION = 4.2;
				TARGETED_DEVICE_FAMILY = "1,2";
			};
			name = Release;
		};
/* End XCBuildConfiguration section */

/* Begin XCConfigurationList section */
		79D7475D21BDD86D00EB4277 /* Build configuration list for PBXProject "MAD9137_F18_Passport" */ = {
			isa = XCConfigurationList;
			buildConfigurations = (
				79D7477221BDD86D00EB4277 /* Debug */,
				79D7477321BDD86D00EB4277 /* Release */,
			);
			defaultConfigurationIsVisible = 0;
			defaultConfigurationName = Release;
		};
		79D7477421BDD86D00EB4277 /* Build configuration list for PBXNativeTarget "MAD9137_F18_Passport" */ = {
			isa = XCConfigurationList;
			buildConfigurations = (
				79D7477521BDD86D00EB4277 /* Debug */,
				79D7477621BDD86D00EB4277 /* Release */,
			);
			defaultConfigurationIsVisible = 0;
			defaultConfigurationName = Release;
		};
/* End XCConfigurationList section */
	};
	rootObject = 79D7475A21BDD86D00EB4277 /* Project object */;
}
